<?xml version="1.0" encoding="utf-8"?>
<Project ToolsVersion="4.0" xmlns="http://schemas.microsoft.com/developer/msbuild/2003">
  <ItemGroup>
    <Filter Include="源文件">
      <UniqueIdentifier>{4FC737F1-C7A5-4376-A066-2A32D752A2FF}</UniqueIdentifier>
      <Extensions>cpp;c;cc;cxx;c++;cppm;ixx;def;odl;idl;hpj;bat;asm;asmx</Extensions>
    </Filter>
    <Filter Include="头文件">
      <UniqueIdentifier>{93995380-89BD-4b04-88EB-625FBE52EBFB}</UniqueIdentifier>
      <Extensions>h;hh;hpp;hxx;h++;hm;inl;inc;ipp;xsd</Extensions>
    </Filter>
    <Filter Include="资源文件">
      <UniqueIdentifier>{67DA6AB6-F800-4c08-8B7A-83BB121AAD01}</UniqueIdentifier>
      <Extensions>rc;ico;cur;bmp;dlg;rc2;rct;bin;rgs;gif;jpg;jpeg;jpe;resx;tiff;tif;png;wav;mfcribbon-ms</Extensions>
    </Filter>
    <Filter Include="源文件\nuklear">
      <UniqueIdentifier>{38a7eed0-2ee9-4802-bdcc-f0ae1d033a35}</UniqueIdentifier>
    </Filter>
  </ItemGroup>
  <ItemGroup>
    <ClInclude Include="include\nuklear.h">
      <Filter>头文件</Filter>
    </ClInclude>
    <ClInclude Include="include\common.h">
      <Filter>头文件</Filter>
    </ClInclude>
    <ClInclude Include="include\nuklear_glfw_gl2.h">
      <Filter>头文件</Filter>
    </ClInclude>
    <ClInclude Include="include\stb_rect_pack.h">
      <Filter>头文件</Filter>
    </ClInclude>
    <ClInclude Include="include\stb_truetype.h">
      <Filter>头文件</Filter>
    </ClInclude>
    <ClInclude Include="include\stb_image.h">
      <Filter>头文件</Filter>
    </ClInclude>
  </ItemGroup>
  <ItemGroup>
    <ClCompile Include="src\main.c">
      <Filter>源文件</Filter>
    </ClCompile>
    <ClCompile Include="src\nuklear_glfw_gl2.c">
      <Filter>源文件</Filter>
    </ClCompile>
    <ClCompile Include="src\canvas.c">
      <Filter>源文件</Filter>
    </ClCompile>
    <ClCompile Include="src\watch.c">
      <Filter>源文件</Filter>
    </ClCompile>
    <ClCompile Include="src\style.c">
      <Filter>源文件</Filter>
    </ClCompile>
    <ClCompile Include="src\font.c">
      <Filter>源文件</Filter>
    </ClCompile>
    <ClCompile Include="src\nuklear\nuklear_9slice.c">
      <Filter>源文件\nuklear</Filter>
    </ClCompile>
    <ClCompile Include="src\nuklear\nuklear_buffer.c">
      <Filter>源文件\nuklear</Filter>
    </ClCompile>
    <ClCompile Include="src\nuklear\nuklear_button.c">
      <Filter>源文件\nuklear</Filter>
    </ClCompile>
    <ClCompile Include="src\nuklear\nuklear_chart.c">
      <Filter>源文件\nuklear</Filter>
    </ClCompile>
    <ClCompile Include="src\nuklear\nuklear_color.c">
      <Filter>源文件\nuklear</Filter>
    </ClCompile>
    <ClCompile Include="src\nuklear\nuklear_color_picker.c">
      <Filter>源文件\nuklear</Filter>
    </ClCompile>
    <ClCompile Include="src\nuklear\nuklear_combo.c">
      <Filter>源文件\nuklear</Filter>
    </ClCompile>
    <ClCompile Include="src\nuklear\nuklear_context.c">
      <Filter>源文件\nuklear</Filter>
    </ClCompile>
    <ClCompile Include="src\nuklear\nuklear_contextual.c">
      <Filter>源文件\nuklear</Filter>
    </ClCompile>
    <ClCompile Include="src\nuklear\nuklear_draw.c">
      <Filter>源文件\nuklear</Filter>
    </ClCompile>
    <ClCompile Include="src\nuklear\nuklear_edit.c">
      <Filter>源文件\nuklear</Filter>
    </ClCompile>
    <ClCompile Include="src\nuklear\nuklear_font.c">
      <Filter>源文件\nuklear</Filter>
    </ClCompile>
    <ClCompile Include="src\nuklear\nuklear_group.c">
      <Filter>源文件\nuklear</Filter>
    </ClCompile>
    <ClCompile Include="src\nuklear\nuklear_image.c">
      <Filter>源文件\nuklear</Filter>
    </ClCompile>
    <ClCompile Include="src\nuklear\nuklear_input.c">
      <Filter>源文件\nuklear</Filter>
    </ClCompile>
    <ClCompile Include="src\nuklear\nuklear_layout.c">
      <Filter>源文件\nuklear</Filter>
    </ClCompile>
    <ClCompile Include="src\nuklear\nuklear_list_view.c">
      <Filter>源文件\nuklear</Filter>
    </ClCompile>
    <ClCompile Include="src\nuklear\nuklear_math.c">
      <Filter>源文件\nuklear</Filter>
    </ClCompile>
    <ClCompile Include="src\nuklear\nuklear_menu.c">
      <Filter>源文件\nuklear</Filter>
    </ClCompile>
    <ClCompile Include="src\nuklear\nuklear_page_element.c">
      <Filter>源文件\nuklear</Filter>
    </ClCompile>
    <ClCompile Include="src\nuklear\nuklear_panel.c">
      <Filter>源文件\nuklear</Filter>
    </ClCompile>
    <ClCompile Include="src\nuklear\nuklear_pool.c">
      <Filter>源文件\nuklear</Filter>
    </ClCompile>
    <ClCompile Include="src\nuklear\nuklear_popup.c">
      <Filter>源文件\nuklear</Filter>
    </ClCompile>
    <ClCompile Include="src\nuklear\nuklear_progress.c">
      <Filter>源文件\nuklear</Filter>
    </ClCompile>
    <ClCompile Include="src\nuklear\nuklear_property.c">
      <Filter>源文件\nuklear</Filter>
    </ClCompile>
    <ClCompile Include="src\nuklear\nuklear_scrollbar.c">
      <Filter>源文件\nuklear</Filter>
    </ClCompile>
    <ClCompile Include="src\nuklear\nuklear_selectable.c">
      <Filter>源文件\nuklear</Filter>
    </ClCompile>
    <ClCompile Include="src\nuklear\nuklear_slider.c">
      <Filter>源文件\nuklear</Filter>
    </ClCompile>
    <ClCompile Include="src\nuklear\nuklear_string.c">
      <Filter>源文件\nuklear</Filter>
    </ClCompile>
    <ClCompile Include="src\nuklear\nuklear_style.c">
      <Filter>源文件\nuklear</Filter>
    </ClCompile>
    <ClCompile Include="src\nuklear\nuklear_table.c">
      <Filter>源文件\nuklear</Filter>
    </ClCompile>
    <ClCompile Include="src\nuklear\nuklear_text.c">
      <Filter>源文件\nuklear</Filter>
    </ClCompile>
    <ClCompile Include="src\nuklear\nuklear_text_editor.c">
      <Filter>源文件\nuklear</Filter>
    </ClCompile>
    <ClCompile Include="src\nuklear\nuklear_toggle.c">
      <Filter>源文件\nuklear</Filter>
    </ClCompile>
    <ClCompile Include="src\nuklear\nuklear_tooltip.c">
      <Filter>源文件\nuklear</Filter>
    </ClCompile>
    <ClCompile Include="src\nuklear\nuklear_tree.c">
      <Filter>源文件\nuklear</Filter>
    </ClCompile>
    <ClCompile Include="src\nuklear\nuklear_utf8.c">
      <Filter>源文件\nuklear</Filter>
    </ClCompile>
    <ClCompile Include="src\nuklear\nuklear_util.c">
      <Filter>源文件\nuklear</Filter>
    </ClCompile>
    <ClCompile Include="src\nuklear\nuklear_vertex.c">
      <Filter>源文件\nuklear</Filter>
    </ClCompile>
    <ClCompile Include="src\nuklear\nuklear_widget.c">
      <Filter>源文件\nuklear</Filter>
    </ClCompile>
    <ClCompile Include="src\nuklear\nuklear_window.c">
      <Filter>源文件\nuklear</Filter>
    </ClCompile>
    <ClCompile Include="src\extended.c">
      <Filter>源文件</Filter>
    </ClCompile>
  </ItemGroup>
</Project>